
Microsoft Visual Studio Solution File, Format Version 12.00
# Visual Studio Express 2012 for Windows Desktop
Project("{FAE04EC0-301F-11D3-BF4B-00C04F79EFBC}") = "IfacePractice2", "IfacePractice2\IfacePractice2.csproj", "{FA105B0B-7CC6-4CDE-9978-EE689F34F7B3}"
EndProject
Global
	GlobalSection(SolutionConfigurationPlatforms) = preSolution
		Debug|Any CPU = Debug|Any CPU
		Release|Any CPU = Release|Any CPU
	EndGlobalSection
	GlobalSection(ProjectConfigurationPlatforms) = postSolution
		{FA105B0B-7CC6-4CDE-9978-EE689F34F7B3}.Debug|Any CPU.ActiveCfg = Debug|Any CPU
		{FA105B0B-7CC6-4CDE-9978-EE689F34F7B3}.Debug|Any CPU.Build.0 = Debug|Any CPU
		{FA105B0B-7CC6-4CDE-9978-EE689F34F7B3}.Release|Any CPU.ActiveCfg = Release|Any CPU
		{FA105B0B-7CC6-4CDE-9978-EE689F34F7B3}.Release|Any CPU.Build.0 = Release|Any CPU
	EndGlobalSection
	GlobalSection(SolutionProperties) = preSolution
		HideSolutionNode = FALSE
	EndGlobalSection
EndGlobal
